
Microsoft Visual Studio Solution File, Format Version 12.00
# Visual Studio 15
VisualStudioVersion = 15.0.27703.2042
MinimumVisualStudioVersion = 10.0.40219.1
Project("{FAE04EC0-301F-11D3-BF4B-00C04F79EFBC}") = "CoreSecurity", "CoreSecurity\CoreSecurity.csproj", "{91237432-5A64-461C-8B61-0FDCE3D34C8B}"
EndProject
Global
	GlobalSection(SolutionConfigurationPlatforms) = preSolution
		Debug|Any CPU = Debug|Any CPU
		Release|Any CPU = Release|Any CPU
	EndGlobalSection
	GlobalSection(ProjectConfigurationPlatforms) = postSolution
		{91237432-5A64-461C-8B61-0FDCE3D34C8B}.Debug|Any CPU.ActiveCfg = Debug|Any CPU
		{91237432-5A64-461C-8B61-0FDCE3D34C8B}.Debug|Any CPU.Build.0 = Debug|Any CPU
		{91237432-5A64-461C-8B61-0FDCE3D34C8B}.Release|Any CPU.ActiveCfg = Release|Any CPU
		{91237432-5A64-461C-8B61-0FDCE3D34C8B}.Release|Any CPU.Build.0 = Release|Any CPU
	EndGlobalSection
	GlobalSection(SolutionProperties) = preSolution
		HideSolutionNode = FALSE
	EndGlobalSection
	GlobalSection(ExtensibilityGlobals) = postSolution
		SolutionGuid = {21F84DBA-8A66-40CE-8FEA-D7EE5570DC50}
	EndGlobalSection
EndGlobal
